
Microsoft Visual Studio Solution File, Format Version 12.00
# Visual Studio Version 17
VisualStudioVersion = 17.8.34316.72
MinimumVisualStudioVersion = 10.0.40219.1
Project("{FAE04EC0-301F-11D3-BF4B-00C04F79EFBC}") = "ConsoleGenApp1", "ConsoleGenApp1\ConsoleGenApp1.csproj", "{09DBEB62-D35D-4F11-A3E2-80C517796797}"
EndProject
Global
	GlobalSection(SolutionConfigurationPlatforms) = preSolution
		Debug|Any CPU = Debug|Any CPU
		Release|Any CPU = Release|Any CPU
	EndGlobalSection
	GlobalSection(ProjectConfigurationPlatforms) = postSolution
		{09DBEB62-D35D-4F11-A3E2-80C517796797}.Debug|Any CPU.ActiveCfg = Debug|Any CPU
		{09DBEB62-D35D-4F11-A3E2-80C517796797}.Debug|Any CPU.Build.0 = Debug|Any CPU
		{09DBEB62-D35D-4F11-A3E2-80C517796797}.Release|Any CPU.ActiveCfg = Release|Any CPU
		{09DBEB62-D35D-4F11-A3E2-80C517796797}.Release|Any CPU.Build.0 = Release|Any CPU
	EndGlobalSection
	GlobalSection(SolutionProperties) = preSolution
		HideSolutionNode = FALSE
	EndGlobalSection
	GlobalSection(ExtensibilityGlobals) = postSolution
		SolutionGuid = {25283EC6-8016-4473-A984-DAF6EF20007D}
	EndGlobalSection
EndGlobal
