
Microsoft Visual Studio Solution File, Format Version 12.00
# Visual Studio Version 17
VisualStudioVersion = 17.8.34316.72
MinimumVisualStudioVersion = 10.0.40219.1
Project("{FAE04EC0-301F-11D3-BF4B-00C04F79EFBC}") = "ConsoleApp1", "ConsoleApp1\ConsoleApp1.csproj", "{47F2F1C4-6603-4E20-B1E7-3B687EB602B8}"
EndProject
Project("{FAE04EC0-301F-11D3-BF4B-00C04F79EFBC}") = "ConsoleApp2", "ConsoleApp2\ConsoleApp2.csproj", "{F4DBE117-4E27-41C8-9A22-28DF09126EEB}"
EndProject
Project("{FAE04EC0-301F-11D3-BF4B-00C04F79EFBC}") = "GreetsLib", "GreetsLib\GreetsLib.csproj", "{C3DEFBF9-75FF-4528-BBCA-3C3863B80BC7}"
EndProject
Global
	GlobalSection(SolutionConfigurationPlatforms) = preSolution
		Debug|Any CPU = Debug|Any CPU
		Release|Any CPU = Release|Any CPU
	EndGlobalSection
	GlobalSection(ProjectConfigurationPlatforms) = postSolution
		{47F2F1C4-6603-4E20-B1E7-3B687EB602B8}.Debug|Any CPU.ActiveCfg = Debug|Any CPU
		{47F2F1C4-6603-4E20-B1E7-3B687EB602B8}.Debug|Any CPU.Build.0 = Debug|Any CPU
		{47F2F1C4-6603-4E20-B1E7-3B687EB602B8}.Release|Any CPU.ActiveCfg = Release|Any CPU
		{47F2F1C4-6603-4E20-B1E7-3B687EB602B8}.Release|Any CPU.Build.0 = Release|Any CPU
		{F4DBE117-4E27-41C8-9A22-28DF09126EEB}.Debug|Any CPU.ActiveCfg = Debug|Any CPU
		{F4DBE117-4E27-41C8-9A22-28DF09126EEB}.Debug|Any CPU.Build.0 = Debug|Any CPU
		{F4DBE117-4E27-41C8-9A22-28DF09126EEB}.Release|Any CPU.ActiveCfg = Release|Any CPU
		{F4DBE117-4E27-41C8-9A22-28DF09126EEB}.Release|Any CPU.Build.0 = Release|Any CPU
		{C3DEFBF9-75FF-4528-BBCA-3C3863B80BC7}.Debug|Any CPU.ActiveCfg = Debug|Any CPU
		{C3DEFBF9-75FF-4528-BBCA-3C3863B80BC7}.Debug|Any CPU.Build.0 = Debug|Any CPU
		{C3DEFBF9-75FF-4528-BBCA-3C3863B80BC7}.Release|Any CPU.ActiveCfg = Release|Any CPU
		{C3DEFBF9-75FF-4528-BBCA-3C3863B80BC7}.Release|Any CPU.Build.0 = Release|Any CPU
	EndGlobalSection
	GlobalSection(SolutionProperties) = preSolution
		HideSolutionNode = FALSE
	EndGlobalSection
	GlobalSection(ExtensibilityGlobals) = postSolution
		SolutionGuid = {16B94118-2251-4E4D-A5CA-244F5EC4AA37}
	EndGlobalSection
EndGlobal
