
Microsoft Visual Studio Solution File, Format Version 12.00
# Visual Studio Version 17
VisualStudioVersion = 17.2.32616.157
MinimumVisualStudioVersion = 10.0.40219.1
Project("{FAE04EC0-301F-11D3-BF4B-00C04F79EFBC}") = "TestApp1", "TestApp1\TestApp1.csproj", "{79F75D0D-08F3-423F-89F1-019A6BCD5AAA}"
EndProject
Global
	GlobalSection(SolutionConfigurationPlatforms) = preSolution
		Debug|Any CPU = Debug|Any CPU
		Release|Any CPU = Release|Any CPU
	EndGlobalSection
	GlobalSection(ProjectConfigurationPlatforms) = postSolution
		{79F75D0D-08F3-423F-89F1-019A6BCD5AAA}.Debug|Any CPU.ActiveCfg = Debug|Any CPU
		{79F75D0D-08F3-423F-89F1-019A6BCD5AAA}.Debug|Any CPU.Build.0 = Debug|Any CPU
		{79F75D0D-08F3-423F-89F1-019A6BCD5AAA}.Release|Any CPU.ActiveCfg = Release|Any CPU
		{79F75D0D-08F3-423F-89F1-019A6BCD5AAA}.Release|Any CPU.Build.0 = Release|Any CPU
	EndGlobalSection
	GlobalSection(SolutionProperties) = preSolution
		HideSolutionNode = FALSE
	EndGlobalSection
	GlobalSection(ExtensibilityGlobals) = postSolution
		SolutionGuid = {6E1E3AAF-6992-421B-B531-BFEF6B833605}
	EndGlobalSection
EndGlobal
