
Microsoft Visual Studio Solution File, Format Version 12.00
# Visual Studio Version 17
VisualStudioVersion = 17.2.32616.157
MinimumVisualStudioVersion = 10.0.40219.1
Project("{FAE04EC0-301F-11D3-BF4B-00C04F79EFBC}") = "TestApp2", "TestApp2\TestApp2.csproj", "{1775220F-003D-43C7-8C36-F1DBB3CE3B91}"
EndProject
Global
	GlobalSection(SolutionConfigurationPlatforms) = preSolution
		Debug|Any CPU = Debug|Any CPU
		Release|Any CPU = Release|Any CPU
	EndGlobalSection
	GlobalSection(ProjectConfigurationPlatforms) = postSolution
		{1775220F-003D-43C7-8C36-F1DBB3CE3B91}.Debug|Any CPU.ActiveCfg = Debug|Any CPU
		{1775220F-003D-43C7-8C36-F1DBB3CE3B91}.Debug|Any CPU.Build.0 = Debug|Any CPU
		{1775220F-003D-43C7-8C36-F1DBB3CE3B91}.Release|Any CPU.ActiveCfg = Release|Any CPU
		{1775220F-003D-43C7-8C36-F1DBB3CE3B91}.Release|Any CPU.Build.0 = Release|Any CPU
	EndGlobalSection
	GlobalSection(SolutionProperties) = preSolution
		HideSolutionNode = FALSE
	EndGlobalSection
	GlobalSection(ExtensibilityGlobals) = postSolution
		SolutionGuid = {5FEB2215-32F2-4BEF-B0E1-8C7DB243E819}
	EndGlobalSection
EndGlobal
